
Microsoft Visual Studio Solution File, Format Version 12.00
# Visual Studio 15
VisualStudioVersion = 15.0.28307.572
MinimumVisualStudioVersion = 10.0.40219.1
Project("{FAE04EC0-301F-11D3-BF4B-00C04F79EFBC}") = "ditu", "ditu\ditu.csproj", "{A815250C-1286-41FC-A019-494E96FEBECA}"
EndProject
Global
	GlobalSection(SolutionConfigurationPlatforms) = preSolution
		Debug|Any CPU = Debug|Any CPU
		Release|Any CPU = Release|Any CPU
	EndGlobalSection
	GlobalSection(ProjectConfigurationPlatforms) = postSolution
		{A815250C-1286-41FC-A019-494E96FEBECA}.Debug|Any CPU.ActiveCfg = Debug|Any CPU
		{A815250C-1286-41FC-A019-494E96FEBECA}.Debug|Any CPU.Build.0 = Debug|Any CPU
		{A815250C-1286-41FC-A019-494E96FEBECA}.Release|Any CPU.ActiveCfg = Release|Any CPU
		{A815250C-1286-41FC-A019-494E96FEBECA}.Release|Any CPU.Build.0 = Release|Any CPU
	EndGlobalSection
	GlobalSection(SolutionProperties) = preSolution
		HideSolutionNode = FALSE
	EndGlobalSection
	GlobalSection(ExtensibilityGlobals) = postSolution
		SolutionGuid = {B569D34D-0839-4DBF-B50E-D6BB7CC5240B}
	EndGlobalSection
EndGlobal
